{
  "name": "random-map",
  "version": "0.1.0",
  "lockfileVersion": 3,
  "requires": true,
  "packages": {
    "": {
      "name": "random-map",
      "version": "0.1.0",
      "dependencies": {
        "country-region-data": "^4.1.0"
      },
      "engines": {
        "node": ">=20"
      }
    },
    "node_modules/country-region-data": {
      "version": "4.1.0",
      "resolved": "https://registry.npmjs.org/country-region-data/-/country-region-data-4.1.0.tgz",
      "integrity": "sha512-20fGwnpj5Q3HlQTHdMUstpD4pixphymWBj1f9/EonKEvnEDCaq1S3peE1O7NLxHI1zSa6W+5do/u7xS7UVfZtw==",
      "license": "MIT"
    }
  }
}
